{
  "name": "tablellm",
  "version": "1.0.1",
  "lockfileVersion": 3,
  "requires": true,
  "packages": {
    "": {
      "name": "tablellm",
      "version": "1.0.1",
      "workspaces": [
        "products/roundtable"
      ],
      "engines": {
        "node": ">=24"
      }
    },
    "node_modules/@playwright/mcp": {
      "version": "0.0.78",
      "license": "Apache-2.0",
      "dependencies": {
        "playwright": "1.62.0-alpha-1783623505000",
        "playwright-core": "1.62.0-alpha-1783623505000"
      },
      "bin": {
        "playwright-mcp": "cli.js"
      },
      "engines": {
        "node": ">=18"
      }
    },
    "node_modules/@playwright/mcp/node_modules/playwright": {
      "version": "1.62.0-alpha-1783623505000",
      "license": "Apache-2.0",
      "dependencies": {
        "playwright-core": "1.62.0-alpha-1783623505000"
      },
      "bin": {
        "playwright": "cli.js"
      },
      "engines": {
        "node": ">=20"
      },
      "optionalDependencies": {
        "fsevents": "2.3.2"
      }
    },
    "node_modules/@playwright/mcp/node_modules/playwright-core": {
      "version": "1.62.0-alpha-1783623505000",
      "license": "Apache-2.0",
      "bin": {
        "playwright-core": "cli.js"
      },
      "engines": {
        "node": ">=20"
      }
    },
    "node_modules/@types/trusted-types": {
      "version": "2.0.7",
      "license": "MIT",
      "optional": true
    },
    "node_modules/@web-agents/local-core": {
      "version": "1.0.1",
      "resolved": "https://github.com/zhuxice-ctrl/web_agents/archive/refs/tags/local-core-v1.0.0.tar.gz",
      "integrity": "sha512-tYcfoMUsy8QX0vrQUY2Pe34v8mJsSB3VwdmBKDlq0XMfBnBpg0i/qWUMN+TaXadpfx1v+zVw8Yf97GsW713WkQ==",
      "license": "MIT",
      "engines": {
        "node": ">=24"
      }
    },
    "node_modules/@web-agents/roundtable-product": {
      "resolved": "products/roundtable",
      "link": true
    },
    "node_modules/dompurify": {
      "version": "3.4.12",
      "license": "(MPL-2.0 OR Apache-2.0)",
      "optionalDependencies": {
        "@types/trusted-types": "^2.0.7"
      }
    },
    "node_modules/marked": {
      "version": "18.0.7",
      "license": "MIT",
      "bin": {
        "marked": "bin/marked.js"
      },
      "engines": {
        "node": ">= 20"
      }
    },
    "node_modules/playwright": {
      "version": "1.61.1",
      "license": "Apache-2.0",
      "dependencies": {
        "playwright-core": "1.61.1"
      },
      "bin": {
        "playwright": "cli.js"
      },
      "engines": {
        "node": ">=18"
      },
      "optionalDependencies": {
        "fsevents": "2.3.2"
      }
    },
    "node_modules/playwright-core": {
      "version": "1.61.1",
      "license": "Apache-2.0",
      "bin": {
        "playwright-core": "cli.js"
      },
      "engines": {
        "node": ">=18"
      }
    },
    "products/roundtable": {
      "name": "@web-agents/roundtable-product",
      "version": "1.0.0",
      "dependencies": {
        "@playwright/mcp": "0.0.78",
        "@web-agents/local-core": "https://github.com/zhuxice-ctrl/web_agents/archive/refs/tags/local-core-v1.0.0.tar.gz",
        "dompurify": "3.4.12",
        "marked": "18.0.7",
        "playwright": "^1.61.1"
      }
    }
  }
}
