{
  "name": "webagent",
  "version": "1.0.2",
  "lockfileVersion": 3,
  "requires": true,
  "packages": {
    "": {
      "name": "webagent",
      "version": "1.0.2",
      "workspaces": [
        "products/plugin"
      ],
      "engines": {
        "node": ">=24"
      }
    },
    "node_modules/@web-agents/local-core": {
      "version": "1.0.1",
      "resolved": "https://github.com/zhuxice-ctrl/web_agents/archive/refs/tags/local-core-v1.0.1.tar.gz",
      "integrity": "sha512-LCZaAu3RxxoTG1Goo0vlH5tYKghOphcrw14QCKb0tmEi7iDwuwyj5wD8aYBrRSuEBc7ZsPig3eybP4fYUghE7Q==",
      "license": "MIT",
      "engines": {
        "node": ">=24"
      }
    },
    "node_modules/@web-agents/plugin-product": {
      "resolved": "products/plugin",
      "link": true
    },
    "products/plugin": {
      "name": "@web-agents/plugin-product",
      "version": "1.0.2",
      "dependencies": {
        "@web-agents/local-core": "https://github.com/zhuxice-ctrl/web_agents/archive/refs/tags/local-core-v1.0.1.tar.gz"
      }
    }
  }
}
