{
  "name": "webagent",
  "version": "1.0.0",
  "lockfileVersion": 3,
  "requires": true,
  "packages": {
    "": {
      "name": "webagent",
      "version": "1.0.0",
      "workspaces": [
        "products/plugin"
      ],
      "engines": {
        "node": ">=24"
      }
    },
    "node_modules/@web-agents/local-core": {
      "version": "1.0.0",
      "resolved": "https://github.com/zhuxice-ctrl/web_agents/archive/refs/tags/local-core-v1.0.0.tar.gz",
      "integrity": "sha512-tYcfoMUsy8QX0vrQUY2Pe34v8mJsSB3VwdmBKDlq0XMfBnBpg0i/qWUMN+TaXadpfx1v+zVw8Yf97GsW713WkQ==",
      "license": "MIT",
      "engines": {
        "node": ">=24"
      }
    },
    "node_modules/@web-agents/plugin-product": {
      "resolved": "products/plugin",
      "link": true
    },
    "products/plugin": {
      "name": "@web-agents/plugin-product",
      "version": "1.0.0",
      "dependencies": {
        "@web-agents/local-core": "https://github.com/zhuxice-ctrl/web_agents/archive/refs/tags/local-core-v1.0.0.tar.gz"
      }
    }
  }
}
